
Microsoft Visual Studio Solution File, Format Version 12.00
# Visual Studio Version 17
VisualStudioVersion = 17.10.34928.147
MinimumVisualStudioVersion = 10.0.40219.1
Project("{888888A0-9F3D-457C-B088-3A5042F75D52}") = "wbscomparer", "wbscomparer.pyproj", "{F8DD1605-D4F1-4611-A976-7AECE7E15B11}"
EndProject
Global
	GlobalSection(SolutionConfigurationPlatforms) = preSolution
		Debug|Any CPU = Debug|Any CPU
		Release|Any CPU = Release|Any CPU
	EndGlobalSection
	GlobalSection(ProjectConfigurationPlatforms) = postSolution
		{F8DD1605-D4F1-4611-A976-7AECE7E15B11}.Debug|Any CPU.ActiveCfg = Debug|Any CPU
		{F8DD1605-D4F1-4611-A976-7AECE7E15B11}.Release|Any CPU.ActiveCfg = Release|Any CPU
	EndGlobalSection
	GlobalSection(SolutionProperties) = preSolution
		HideSolutionNode = FALSE
	EndGlobalSection
	GlobalSection(ExtensibilityGlobals) = postSolution
		SolutionGuid = {7281B06E-56BE-4542-9363-8BA8B831F8B4}
	EndGlobalSection
EndGlobal
